
Microsoft Visual Studio Solution File, Format Version 12.00
# Visual Studio 14
VisualStudioVersion = 14.0.25420.1
MinimumVisualStudioVersion = 10.0.40219.1
Project("{2150E333-8FDC-42A3-9474-1A3956D46DE8}") = "src", "src", "{C84DBF2B-6B5C-4B4D-B1E1-DE84949CBE70}"
EndProject
Project("{2150E333-8FDC-42A3-9474-1A3956D46DE8}") = "Solution Items", "Solution Items", "{8A927EE8-511F-4C06-9F36-7869AA5A0238}"
	ProjectSection(SolutionItems) = preProject
		global.json = global.json
	EndProjectSection
EndProject
Project("{8BB2217D-0F2D-49D1-97BC-3654ED321F3B}") = "EntityFrameworkWithMosh", "src\EntityFrameworkWithMosh\EntityFrameworkWithMosh.xproj", "{68E07D57-064B-4868-99F2-50FAB098B19C}"
EndProject
Global
	GlobalSection(SolutionConfigurationPlatforms) = preSolution
		Debug|Any CPU = Debug|Any CPU
		Release|Any CPU = Release|Any CPU
	EndGlobalSection
	GlobalSection(ProjectConfigurationPlatforms) = postSolution
		{68E07D57-064B-4868-99F2-50FAB098B19C}.Debug|Any CPU.ActiveCfg = Debug|Any CPU
		{68E07D57-064B-4868-99F2-50FAB098B19C}.Debug|Any CPU.Build.0 = Debug|Any CPU
		{68E07D57-064B-4868-99F2-50FAB098B19C}.Release|Any CPU.ActiveCfg = Release|Any CPU
		{68E07D57-064B-4868-99F2-50FAB098B19C}.Release|Any CPU.Build.0 = Release|Any CPU
	EndGlobalSection
	GlobalSection(SolutionProperties) = preSolution
		HideSolutionNode = FALSE
	EndGlobalSection
	GlobalSection(NestedProjects) = preSolution
		{68E07D57-064B-4868-99F2-50FAB098B19C} = {C84DBF2B-6B5C-4B4D-B1E1-DE84949CBE70}
	EndGlobalSection
EndGlobal
